
Microsoft Visual Studio Solution File, Format Version 12.00
# Visual Studio Version 17
VisualStudioVersion = 17.2.32616.157
MinimumVisualStudioVersion = 10.0.40219.1
Project("{F184B08F-C81C-45F6-A57F-5ABD9991F28F}") = "dataGrids", "dataGrids\dataGrids.vbproj", "{891C607A-2A46-41E0-9034-1DBEF28A949D}"
EndProject
Global
	GlobalSection(SolutionConfigurationPlatforms) = preSolution
		Debug|Any CPU = Debug|Any CPU
		Release|Any CPU = Release|Any CPU
	EndGlobalSection
	GlobalSection(ProjectConfigurationPlatforms) = postSolution
		{891C607A-2A46-41E0-9034-1DBEF28A949D}.Debug|Any CPU.ActiveCfg = Debug|Any CPU
		{891C607A-2A46-41E0-9034-1DBEF28A949D}.Debug|Any CPU.Build.0 = Debug|Any CPU
		{891C607A-2A46-41E0-9034-1DBEF28A949D}.Release|Any CPU.ActiveCfg = Release|Any CPU
		{891C607A-2A46-41E0-9034-1DBEF28A949D}.Release|Any CPU.Build.0 = Release|Any CPU
	EndGlobalSection
	GlobalSection(SolutionProperties) = preSolution
		HideSolutionNode = FALSE
	EndGlobalSection
	GlobalSection(ExtensibilityGlobals) = postSolution
		SolutionGuid = {3E30F87A-D3CD-4090-9BF6-579BB227FA06}
	EndGlobalSection
EndGlobal
